<?xml version="1.0" encoding="utf-8"?>
<Project ToolsVersion="4.0" xmlns="http://schemas.microsoft.com/developer/msbuild/2003">
  <ItemGroup>
    <Filter Include="imgui">
      <UniqueIdentifier>{20b90ce4-7fcb-4731-b9a0-075f875de82d}</UniqueIdentifier>
    </Filter>
    <Filter Include="sources">
      <UniqueIdentifier>{f18ab499-84e1-499f-8eff-9754361e0e52}</UniqueIdentifier>
      <Extensions>cpp;c;cc;cxx;def;odl;idl;hpj;bat;asm;asmx</Extensions>
    </Filter>
    <Filter Include="sources\imgui">
      <UniqueIdentifier>{1d4faa03-c041-4f80-ab6f-56086736d84c}</UniqueIdentifier>
    </Filter>
    <Filter Include="sources\src">
      <UniqueIdentifier>{0f17e2ea-9c9c-4411-91c1-b7931975cf55}</UniqueIdentifier>
    </Filter>
    <Filter Include="sources\assets">
      <UniqueIdentifier>{5a5f3b1b-f2cf-484b-87e4-6ffe71b79afb}</UniqueIdentifier>
    </Filter>
  </ItemGroup>
  <ItemGroup>
    <ClCompile Include="..\..\imgui.cpp">
      <Filter>imgui</Filter>
    </ClCompile>
    <ClCompile Include="..\..\imgui_demo.cpp">
      <Filter>imgui</Filter>
    </ClCompile>
    <ClCompile Include="..\..\imgui_draw.cpp">
      <Filter>imgui</Filter>
    </ClCompile>
    <ClCompile Include="..\..\imgui_tables.cpp">
      <Filter>imgui</Filter>
    </ClCompile>
    <ClCompile Include="..\..\imgui_widgets.cpp">
      <Filter>imgui</Filter>
    </ClCompile>
    <ClCompile Include="..\..\backends\imgui_impl_glfw.cpp">
      <Filter>sources\imgui</Filter>
    </ClCompile>
    <ClCompile Include="..\..\backends\imgui_impl_opengl3.cpp">
      <Filter>sources\imgui</Filter>
    </ClCompile>
    <ClCompile Include="main.cpp">
      <Filter>sources\src</Filter>
    </ClCompile>
    <ClCompile Include="vector_math.cpp">
      <Filter>sources\src</Filter>
    </ClCompile>
    <ClCompile Include="fancy_vector.cpp">
      <Filter>sources\src</Filter>
    </ClCompile>
    <ClCompile Include="render_utils.cpp">
      <Filter>sources\src</Filter>
    </ClCompile>
    <ClCompile Include="shader_utils.cpp">
      <Filter>sources\src</Filter>
    </ClCompile>
    <ClCompile Include="raytracing.cpp">
      <Filter>sources\src</Filter>
    </ClCompile>
  </ItemGroup>
  <ItemGroup>
    <ClInclude Include="..\..\imconfig.h">
      <Filter>imgui</Filter>
    </ClInclude>
    <ClInclude Include="..\..\imgui.h">
      <Filter>imgui</Filter>
    </ClInclude>
    <ClInclude Include="..\..\imgui_internal.h">
      <Filter>imgui</Filter>
    </ClInclude>
    <ClInclude Include="..\..\backends\imgui_impl_opengl3_loader.h">
      <Filter>sources\imgui</Filter>
    </ClInclude>
    <ClInclude Include="..\..\backends\imgui_impl_glfw.h">
      <Filter>sources\imgui</Filter>
    </ClInclude>
    <ClInclude Include="..\..\backends\imgui_impl_opengl3.h">
      <Filter>sources\imgui</Filter>
    </ClInclude>
    <ClInclude Include="vector_math.h">
      <Filter>sources\src</Filter>
    </ClInclude>
    <ClInclude Include="fancy_vector.h">
      <Filter>sources\src</Filter>
    </ClInclude>
    <ClInclude Include="render_utils.h">
      <Filter>sources\src</Filter>
    </ClInclude>
    <ClInclude Include="color.h">
      <Filter>sources\src</Filter>
    </ClInclude>
    <ClInclude Include="shader_utils.h">
      <Filter>sources\src</Filter>
    </ClInclude>
    <ClInclude Include="raytracing.h">
      <Filter>sources\src</Filter>
    </ClInclude>
  </ItemGroup>
  <ItemGroup>
    <None Include="..\..\misc\debuggers\imgui.natvis">
      <Filter>imgui</Filter>
    </None>
    <None Include="..\..\misc\debuggers\imgui.natstepfilter">
      <Filter>imgui</Filter>
    </None>
    <None Include="plan.json">
      <Filter>sources\assets</Filter>
    </None>
    <None Include="..\README.txt">
      <Filter>sources\assets</Filter>
    </None>
    <None Include="plan__.json">
      <Filter>sources\assets</Filter>
    </None>
  </ItemGroup>
</Project>