<?xml version="1.0" encoding="utf-8"?>
<Project ToolsVersion="4.0" xmlns="http://schemas.microsoft.com/developer/msbuild/2003">
  <ItemGroup>
    <Filter Include="imgui">
      <UniqueIdentifier>{20b90ce4-7fcb-4731-b9a0-075f875de82d}</UniqueIdentifier>
    </Filter>
    <Filter Include="sources">
      <UniqueIdentifier>{f18ab499-84e1-499f-8eff-9754361e0e52}</UniqueIdentifier>
      <Extensions>cpp;c;cc;cxx;def;odl;idl;hpj;bat;asm;asmx</Extensions>
    </Filter>
    <Filter Include="sources\imgui">
      <UniqueIdentifier>{1d4faa03-c041-4f80-ab6f-56086736d84c}</UniqueIdentifier>
    </Filter>
    <Filter Include="sources\src">
      <UniqueIdentifier>{0f17e2ea-9c9c-4411-91c1-b7931975cf55}</UniqueIdentifier>
    </Filter>
    <Filter Include="sources\assets">
      <UniqueIdentifier>{5a5f3b1b-f2cf-484b-87e4-6ffe71b79afb}</UniqueIdentifier>
    </Filter>
    <Filter Include="sources\src\graphics">
      <UniqueIdentifier>{c43d0e5c-cc14-4047-b034-4c6a8dfab520}</UniqueIdentifier>
    </Filter>
    <Filter Include="sources\src\entities">
      <UniqueIdentifier>{7f0968a8-62b3-49f6-9343-22f2f8d2c566}</UniqueIdentifier>
    </Filter>
    <Filter Include="sources\src\tests">
      <UniqueIdentifier>{a5bba494-817b-4711-b720-b3d87eb8b1fa}</UniqueIdentifier>
    </Filter>
    <Filter Include="sources\src\textures">
      <UniqueIdentifier>{84bb94ae-4b37-4ca7-8d60-f76379fda8ab}</UniqueIdentifier>
    </Filter>
    <Filter Include="sources\src\optimized">
      <UniqueIdentifier>{42fd4f13-c98b-46d7-b1ec-b9f572ec9ac9}</UniqueIdentifier>
    </Filter>
    <Filter Include="sources\src\other">
      <UniqueIdentifier>{ca20b42f-c34f-48ef-baad-f27dfc7172ef}</UniqueIdentifier>
    </Filter>
    <Filter Include="sources\src\opencl_code">
      <UniqueIdentifier>{2d5aa2b2-429d-4abb-82b2-4266aec0ceef}</UniqueIdentifier>
    </Filter>
  </ItemGroup>
  <ItemGroup>
    <ClCompile Include="..\..\imgui.cpp">
      <Filter>imgui</Filter>
    </ClCompile>
    <ClCompile Include="..\..\imgui_demo.cpp">
      <Filter>imgui</Filter>
    </ClCompile>
    <ClCompile Include="..\..\imgui_draw.cpp">
      <Filter>imgui</Filter>
    </ClCompile>
    <ClCompile Include="..\..\imgui_tables.cpp">
      <Filter>imgui</Filter>
    </ClCompile>
    <ClCompile Include="..\..\imgui_widgets.cpp">
      <Filter>imgui</Filter>
    </ClCompile>
    <ClCompile Include="..\..\backends\imgui_impl_glfw.cpp">
      <Filter>sources\imgui</Filter>
    </ClCompile>
    <ClCompile Include="..\..\backends\imgui_impl_opengl3.cpp">
      <Filter>sources\imgui</Filter>
    </ClCompile>
    <ClCompile Include="main.cpp">
      <Filter>sources\src</Filter>
    </ClCompile>
    <ClCompile Include="vector_math.cpp">
      <Filter>sources\src</Filter>
    </ClCompile>
    <ClCompile Include="fancy_vector.cpp">
      <Filter>sources\src</Filter>
    </ClCompile>
    <ClCompile Include="raytracing.cpp">
      <Filter>sources\src</Filter>
    </ClCompile>
    <ClCompile Include="render_utils.cpp">
      <Filter>sources\src\graphics</Filter>
    </ClCompile>
    <ClCompile Include="shader_utils.cpp">
      <Filter>sources\src\graphics</Filter>
    </ClCompile>
    <ClCompile Include="boilerplate.cpp">
      <Filter>sources\src\graphics</Filter>
    </ClCompile>
    <ClCompile Include="ray.cpp">
      <Filter>sources\src\entities</Filter>
    </ClCompile>
    <ClCompile Include="wall.cpp">
      <Filter>sources\src\entities</Filter>
    </ClCompile>
    <ClCompile Include="ex_7_1.cpp">
      <Filter>sources\src\tests</Filter>
    </ClCompile>
    <ClCompile Include="ex_8_1.cpp">
      <Filter>sources\src\tests</Filter>
    </ClCompile>
    <ClCompile Include="zone_tracing.cpp">
      <Filter>sources\src</Filter>
    </ClCompile>
    <ClCompile Include="color.cpp">
      <Filter>sources\src\graphics</Filter>
    </ClCompile>
    <ClCompile Include="texture_utils.cpp">
      <Filter>sources\src\textures</Filter>
    </ClCompile>
    <ClCompile Include="zone_tracing_cpu.cpp">
      <Filter>sources\src\optimized</Filter>
    </ClCompile>
    <ClCompile Include="opencl_tests.cpp">
      <Filter>sources\src\optimized</Filter>
    </ClCompile>
    <ClCompile Include="rx_field.cpp">
      <Filter>sources\src\tests</Filter>
    </ClCompile>
    <ClCompile Include="main_utilities.cpp">
      <Filter>sources\src\other</Filter>
    </ClCompile>
  </ItemGroup>
  <ItemGroup>
    <ClInclude Include="..\..\imconfig.h">
      <Filter>imgui</Filter>
    </ClInclude>
    <ClInclude Include="..\..\imgui.h">
      <Filter>imgui</Filter>
    </ClInclude>
    <ClInclude Include="..\..\imgui_internal.h">
      <Filter>imgui</Filter>
    </ClInclude>
    <ClInclude Include="..\..\backends\imgui_impl_opengl3_loader.h">
      <Filter>sources\imgui</Filter>
    </ClInclude>
    <ClInclude Include="..\..\backends\imgui_impl_glfw.h">
      <Filter>sources\imgui</Filter>
    </ClInclude>
    <ClInclude Include="..\..\backends\imgui_impl_opengl3.h">
      <Filter>sources\imgui</Filter>
    </ClInclude>
    <ClInclude Include="vector_math.h">
      <Filter>sources\src</Filter>
    </ClInclude>
    <ClInclude Include="fancy_vector.h">
      <Filter>sources\src</Filter>
    </ClInclude>
    <ClInclude Include="raytracing.h">
      <Filter>sources\src</Filter>
    </ClInclude>
    <ClInclude Include="color.h">
      <Filter>sources\src\graphics</Filter>
    </ClInclude>
    <ClInclude Include="render_utils.h">
      <Filter>sources\src\graphics</Filter>
    </ClInclude>
    <ClInclude Include="shader_utils.h">
      <Filter>sources\src\graphics</Filter>
    </ClInclude>
    <ClInclude Include="boilerplate.h">
      <Filter>sources\src\graphics</Filter>
    </ClInclude>
    <ClInclude Include="ray.h">
      <Filter>sources\src\entities</Filter>
    </ClInclude>
    <ClInclude Include="wall.h">
      <Filter>sources\src\entities</Filter>
    </ClInclude>
    <ClInclude Include="coefficients.h">
      <Filter>sources\src\entities</Filter>
    </ClInclude>
    <ClInclude Include="ex_7_1.h">
      <Filter>sources\src\tests</Filter>
    </ClInclude>
    <ClInclude Include="ex_8_1.h">
      <Filter>sources\src\tests</Filter>
    </ClInclude>
    <ClInclude Include="zone_tracing.h">
      <Filter>sources\src</Filter>
    </ClInclude>
    <ClInclude Include="stb_image.h">
      <Filter>sources\src\textures</Filter>
    </ClInclude>
    <ClInclude Include="texture_utils.h">
      <Filter>sources\src\textures</Filter>
    </ClInclude>
    <ClInclude Include="camera.h">
      <Filter>sources\src</Filter>
    </ClInclude>
    <ClInclude Include="zone_tracing_cpu.h">
      <Filter>sources\src\optimized</Filter>
    </ClInclude>
    <ClInclude Include="constants.h">
      <Filter>sources\src\other</Filter>
    </ClInclude>
    <ClInclude Include="opencl_tests.h">
      <Filter>sources\src\optimized</Filter>
    </ClInclude>
    <ClInclude Include="rx_field.h">
      <Filter>sources\src\tests</Filter>
    </ClInclude>
    <ClInclude Include="variables.h">
      <Filter>sources\src\other</Filter>
    </ClInclude>
    <ClInclude Include="main_utilities.h">
      <Filter>sources\src\other</Filter>
    </ClInclude>
  </ItemGroup>
  <ItemGroup>
    <None Include="..\..\misc\debuggers\imgui.natvis">
      <Filter>imgui</Filter>
    </None>
    <None Include="..\..\misc\debuggers\imgui.natstepfilter">
      <Filter>imgui</Filter>
    </None>
    <None Include="plan.json">
      <Filter>sources\assets</Filter>
    </None>
    <None Include="..\README.txt">
      <Filter>sources\assets</Filter>
    </None>
    <None Include="plan__.json">
      <Filter>sources\assets</Filter>
    </None>
    <None Include="materials.json">
      <Filter>sources\assets</Filter>
    </None>
    <None Include="plan_.json">
      <Filter>sources\assets</Filter>
    </None>
    <None Include="plan_test.json">
      <Filter>sources\assets</Filter>
    </None>
    <None Include="vecsum.cl">
      <Filter>sources\src\opencl_code</Filter>
    </None>
    <None Include="zones.cl">
      <Filter>sources\src\opencl_code</Filter>
    </None>
    <None Include="solve_zone.cl">
      <Filter>sources\src\opencl_code</Filter>
    </None>
    <None Include="zone_antenna.cl">
      <Filter>sources\src\opencl_code</Filter>
    </None>
    <None Include="plan_ex8.json">
      <Filter>sources\assets</Filter>
    </None>
  </ItemGroup>
  <ItemGroup>
    <Image Include="bricks.jpg">
      <Filter>sources\assets</Filter>
    </Image>
    <Image Include="stone.jpg">
      <Filter>sources\assets</Filter>
    </Image>
    <Image Include="wood.jpg">
      <Filter>sources\assets</Filter>
    </Image>
  </ItemGroup>
</Project>